// !$*UTF8*$!
{
	archiveVersion = 1;
	classes = {
	};
	objectVersion = 51;
	objects = {

/* Begin PBXBuildFile section */
		42932AD8C352005B0781EE3E /* Pods_CountApp.framework in Frameworks */ = {isa = PBXBuildFile; fileRef = 59EDCDD27D877B3FC53CA41E /* Pods_CountApp.framework */; };
		B466409524DD5F7F003D8390 /* TopViewController.swift in Sources */ = {isa = PBXBuildFile; fileRef = B466409324DD5F7F003D8390 /* TopViewController.swift */; };
		B466409624DD5F7F003D8390 /* TopViewController.xib in Resources */ = {isa = PBXBuildFile; fileRef = B466409424DD5F7F003D8390 /* TopViewController.xib */; };
		B466409A24DD5FD0003D8390 /* TopMainView.swift in Sources */ = {isa = PBXBuildFile; fileRef = B466409824DD5FD0003D8390 /* TopMainView.swift */; };
		B466409B24DD5FD0003D8390 /* TopMainView.xib in Resources */ = {isa = PBXBuildFile; fileRef = B466409924DD5FD0003D8390 /* TopMainView.xib */; };
		B473B7D824DBF70200A19BC4 /* AppDelegate.swift in Sources */ = {isa = PBXBuildFile; fileRef = B473B7D724DBF70200A19BC4 /* AppDelegate.swift */; };
		B473B7DA24DBF70200A19BC4 /* SceneDelegate.swift in Sources */ = {isa = PBXBuildFile; fileRef = B473B7D924DBF70200A19BC4 /* SceneDelegate.swift */; };
		B473B7DC24DBF70200A19BC4 /* ViewController.swift in Sources */ = {isa = PBXBuildFile; fileRef = B473B7DB24DBF70200A19BC4 /* ViewController.swift */; };
		B473B7DF24DBF70200A19BC4 /* Main.storyboard in Resources */ = {isa = PBXBuildFile; fileRef = B473B7DD24DBF70200A19BC4 /* Main.storyboard */; };
		B473B7E124DBF70300A19BC4 /* Assets.xcassets in Resources */ = {isa = PBXBuildFile; fileRef = B473B7E024DBF70300A19BC4 /* Assets.xcassets */; };
		B473B7E424DBF70300A19BC4 /* LaunchScreen.storyboard in Resources */ = {isa = PBXBuildFile; fileRef = B473B7E224DBF70300A19BC4 /* LaunchScreen.storyboard */; };
/* End PBXBuildFile section */

/* Begin PBXFileReference section */
		59EDCDD27D877B3FC53CA41E /* Pods_CountApp.framework */ = {isa = PBXFileReference; explicitFileType = wrapper.framework; includeInIndex = 0; path = Pods_CountApp.framework; sourceTree = BUILT_PRODUCTS_DIR; };
		ABB5E0A45AB734E3D2A34ECC /* Pods-CountApp.release.xcconfig */ = {isa = PBXFileReference; includeInIndex = 1; lastKnownFileType = text.xcconfig; name = "Pods-CountApp.release.xcconfig"; path = "Target Support Files/Pods-CountApp/Pods-CountApp.release.xcconfig"; sourceTree = "<group>"; };
		B466409324DD5F7F003D8390 /* TopViewController.swift */ = {isa = PBXFileReference; lastKnownFileType = sourcecode.swift; path = TopViewController.swift; sourceTree = "<group>"; };
		B466409424DD5F7F003D8390 /* TopViewController.xib */ = {isa = PBXFileReference; lastKnownFileType = file.xib; path = TopViewController.xib; sourceTree = "<group>"; };
		B466409824DD5FD0003D8390 /* TopMainView.swift */ = {isa = PBXFileReference; lastKnownFileType = sourcecode.swift; path = TopMainView.swift; sourceTree = "<group>"; };
		B466409924DD5FD0003D8390 /* TopMainView.xib */ = {isa = PBXFileReference; lastKnownFileType = file.xib; path = TopMainView.xib; sourceTree = "<group>"; };
		B473B7D424DBF70200A19BC4 /* CountApp.app */ = {isa = PBXFileReference; explicitFileType = wrapper.application; includeInIndex = 0; path = CountApp.app; sourceTree = BUILT_PRODUCTS_DIR; };
		B473B7D724DBF70200A19BC4 /* AppDelegate.swift */ = {isa = PBXFileReference; lastKnownFileType = sourcecode.swift; path = AppDelegate.swift; sourceTree = "<group>"; };
		B473B7D924DBF70200A19BC4 /* SceneDelegate.swift */ = {isa = PBXFileReference; lastKnownFileType = sourcecode.swift; path = SceneDelegate.swift; sourceTree = "<group>"; };
		B473B7DB24DBF70200A19BC4 /* ViewController.swift */ = {isa = PBXFileReference; lastKnownFileType = sourcecode.swift; path = ViewController.swift; sourceTree = "<group>"; };
		B473B7DE24DBF70200A19BC4 /* Base */ = {isa = PBXFileReference; lastKnownFileType = file.storyboard; name = Base; path = Base.lproj/Main.storyboard; sourceTree = "<group>"; };
		B473B7E024DBF70300A19BC4 /* Assets.xcassets */ = {isa = PBXFileReference; lastKnownFileType = folder.assetcatalog; path = Assets.xcassets; sourceTree = "<group>"; };
		B473B7E324DBF70300A19BC4 /* Base */ = {isa = PBXFileReference; lastKnownFileType = file.storyboard; name = Base; path = Base.lproj/LaunchScreen.storyboard; sourceTree = "<group>"; };
		B473B7E524DBF70300A19BC4 /* Info.plist */ = {isa = PBXFileReference; lastKnownFileType = text.plist.xml; path = Info.plist; sourceTree = "<group>"; };
		FB517F20F1A392D082759CF5 /* Pods-CountApp.debug.xcconfig */ = {isa = PBXFileReference; includeInIndex = 1; lastKnownFileType = text.xcconfig; name = "Pods-CountApp.debug.xcconfig"; path = "Target Support Files/Pods-CountApp/Pods-CountApp.debug.xcconfig"; sourceTree = "<group>"; };
/* End PBXFileReference section */

/* Begin PBXFrameworksBuildPhase section */
		B473B7D124DBF70200A19BC4 /* Frameworks */ = {
			isa = PBXFrameworksBuildPhase;
			buildActionMask = 2147483647;
			files = (
				42932AD8C352005B0781EE3E /* Pods_CountApp.framework in Frameworks */,
			);
			runOnlyForDeploymentPostprocessing = 0;
		};
/* End PBXFrameworksBuildPhase section */

/* Begin PBXGroup section */
		0C1AD1F727680C89BDCF0AFC /* Pods */ = {
			isa = PBXGroup;
			children = (
				FB517F20F1A392D082759CF5 /* Pods-CountApp.debug.xcconfig */,
				ABB5E0A45AB734E3D2A34ECC /* Pods-CountApp.release.xcconfig */,
			);
			path = Pods;
			sourceTree = "<group>";
		};
		B466409224DD5F6B003D8390 /* Controller */ = {
			isa = PBXGroup;
			children = (
				B466409324DD5F7F003D8390 /* TopViewController.swift */,
				B466409424DD5F7F003D8390 /* TopViewController.xib */,
			);
			path = Controller;
			sourceTree = "<group>";
		};
		B466409724DD5FB9003D8390 /* View */ = {
			isa = PBXGroup;
			children = (
				B466409824DD5FD0003D8390 /* TopMainView.swift */,
				B466409924DD5FD0003D8390 /* TopMainView.xib */,
			);
			path = View;
			sourceTree = "<group>";
		};
		B473B7CB24DBF70200A19BC4 = {
			isa = PBXGroup;
			children = (
				B473B7D624DBF70200A19BC4 /* CountApp */,
				B473B7D524DBF70200A19BC4 /* Products */,
				0C1AD1F727680C89BDCF0AFC /* Pods */,
				EBE0B1DCC528DD358C6BD46D /* Frameworks */,
			);
			sourceTree = "<group>";
		};
		B473B7D524DBF70200A19BC4 /* Products */ = {
			isa = PBXGroup;
			children = (
				B473B7D424DBF70200A19BC4 /* CountApp.app */,
			);
			name = Products;
			sourceTree = "<group>";
		};
		B473B7D624DBF70200A19BC4 /* CountApp */ = {
			isa = PBXGroup;
			children = (
				B466409224DD5F6B003D8390 /* Controller */,
				B473B7D724DBF70200A19BC4 /* AppDelegate.swift */,
				B466409724DD5FB9003D8390 /* View */,
				B473B7D924DBF70200A19BC4 /* SceneDelegate.swift */,
				B473B7E024DBF70300A19BC4 /* Assets.xcassets */,
				B473B7E224DBF70300A19BC4 /* LaunchScreen.storyboard */,
				B473B7DD24DBF70200A19BC4 /* Main.storyboard */,
				B473B7DB24DBF70200A19BC4 /* ViewController.swift */,
				B473B7E524DBF70300A19BC4 /* Info.plist */,
			);
			path = CountApp;
			sourceTree = "<group>";
		};
		EBE0B1DCC528DD358C6BD46D /* Frameworks */ = {
			isa = PBXGroup;
			children = (
				59EDCDD27D877B3FC53CA41E /* Pods_CountApp.framework */,
			);
			name = Frameworks;
			sourceTree = "<group>";
		};
/* End PBXGroup section */

/* Begin PBXNativeTarget section */
		B473B7D324DBF70200A19BC4 /* CountApp */ = {
			isa = PBXNativeTarget;
			buildConfigurationList = B473B7E824DBF70300A19BC4 /* Build configuration list for PBXNativeTarget "CountApp" */;
			buildPhases = (
				7D9929365F0AB8DFDE6E6ED9 /* [CP] Check Pods Manifest.lock */,
				B473B7D024DBF70200A19BC4 /* Sources */,
				B473B7D124DBF70200A19BC4 /* Frameworks */,
				B473B7D224DBF70200A19BC4 /* Resources */,
				1D15668976344DFC1F3A504B /* [CP] Embed Pods Frameworks */,
			);
			buildRules = (
			);
			dependencies = (
			);
			name = CountApp;
			productName = CountApp;
			productReference = B473B7D424DBF70200A19BC4 /* CountApp.app */;
			productType = "com.apple.product-type.application";
		};
/* End PBXNativeTarget section */

/* Begin PBXProject section */
		B473B7CC24DBF70200A19BC4 /* Project object */ = {
			isa = PBXProject;
			attributes = {
				LastSwiftUpdateCheck = 1160;
				LastUpgradeCheck = 1160;
				ORGANIZATIONNAME = DEAUX;
				TargetAttributes = {
					B473B7D324DBF70200A19BC4 = {
						CreatedOnToolsVersion = 11.6;
					};
				};
			};
			buildConfigurationList = B473B7CF24DBF70200A19BC4 /* Build configuration list for PBXProject "CountApp" */;
			compatibilityVersion = "Xcode 9.3";
			developmentRegion = en;
			hasScannedForEncodings = 0;
			knownRegions = (
				en,
				Base,
			);
			mainGroup = B473B7CB24DBF70200A19BC4;
			productRefGroup = B473B7D524DBF70200A19BC4 /* Products */;
			projectDirPath = "";
			projectRoot = "";
			targets = (
				B473B7D324DBF70200A19BC4 /* CountApp */,
			);
		};
/* End PBXProject section */

/* Begin PBXResourcesBuildPhase section */
		B473B7D224DBF70200A19BC4 /* Resources */ = {
			isa = PBXResourcesBuildPhase;
			buildActionMask = 2147483647;
			files = (
				B466409B24DD5FD0003D8390 /* TopMainView.xib in Resources */,
				B466409624DD5F7F003D8390 /* TopViewController.xib in Resources */,
				B473B7E424DBF70300A19BC4 /* LaunchScreen.storyboard in Resources */,
				B473B7E124DBF70300A19BC4 /* Assets.xcassets in Resources */,
				B473B7DF24DBF70200A19BC4 /* Main.storyboard in Resources */,
			);
			runOnlyForDeploymentPostprocessing = 0;
		};
/* End PBXResourcesBuildPhase section */

/* Begin PBXShellScriptBuildPhase section */
		1D15668976344DFC1F3A504B /* [CP] Embed Pods Frameworks */ = {
			isa = PBXShellScriptBuildPhase;
			buildActionMask = 2147483647;
			files = (
			);
			inputFileListPaths = (
				"${PODS_ROOT}/Target Support Files/Pods-CountApp/Pods-CountApp-frameworks-${CONFIGURATION}-input-files.xcfilelist",
			);
			name = "[CP] Embed Pods Frameworks";
			outputFileListPaths = (
				"${PODS_ROOT}/Target Support Files/Pods-CountApp/Pods-CountApp-frameworks-${CONFIGURATION}-output-files.xcfilelist",
			);
			runOnlyForDeploymentPostprocessing = 0;
			shellPath = /bin/sh;
			shellScript = "\"${PODS_ROOT}/Target Support Files/Pods-CountApp/Pods-CountApp-frameworks.sh\"\n";
			showEnvVarsInLog = 0;
		};
		7D9929365F0AB8DFDE6E6ED9 /* [CP] Check Pods Manifest.lock */ = {
			isa = PBXShellScriptBuildPhase;
			buildActionMask = 2147483647;
			files = (
			);
			inputFileListPaths = (
			);
			inputPaths = (
				"${PODS_PODFILE_DIR_PATH}/Podfile.lock",
				"${PODS_ROOT}/Manifest.lock",
			);
			name = "[CP] Check Pods Manifest.lock";
			outputFileListPaths = (
			);
			outputPaths = (
				"$(DERIVED_FILE_DIR)/Pods-CountApp-checkManifestLockResult.txt",
			);
			runOnlyForDeploymentPostprocessing = 0;
			shellPath = /bin/sh;
			shellScript = "diff \"${PODS_PODFILE_DIR_PATH}/Podfile.lock\" \"${PODS_ROOT}/Manifest.lock\" > /dev/null\nif [ $? != 0 ] ; then\n    # print error to STDERR\n    echo \"error: The sandbox is not in sync with the Podfile.lock. Run 'pod install' or update your CocoaPods installation.\" >&2\n    exit 1\nfi\n# This output is used by Xcode 'outputs' to avoid re-running this script phase.\necho \"SUCCESS\" > \"${SCRIPT_OUTPUT_FILE_0}\"\n";
			showEnvVarsInLog = 0;
		};
/* End PBXShellScriptBuildPhase section */

/* Begin PBXSourcesBuildPhase section */
		B473B7D024DBF70200A19BC4 /* Sources */ = {
			isa = PBXSourcesBuildPhase;
			buildActionMask = 2147483647;
			files = (
				B466409524DD5F7F003D8390 /* TopViewController.swift in Sources */,
				B473B7DC24DBF70200A19BC4 /* ViewController.swift in Sources */,
				B473B7D824DBF70200A19BC4 /* AppDelegate.swift in Sources */,
				B473B7DA24DBF70200A19BC4 /* SceneDelegate.swift in Sources */,
				B466409A24DD5FD0003D8390 /* TopMainView.swift in Sources */,
			);
			runOnlyForDeploymentPostprocessing = 0;
		};
/* End PBXSourcesBuildPhase section */

/* Begin PBXVariantGroup section */
		B473B7DD24DBF70200A19BC4 /* Main.storyboard */ = {
			isa = PBXVariantGroup;
			children = (
				B473B7DE24DBF70200A19BC4 /* Base */,
			);
			name = Main.storyboard;
			sourceTree = "<group>";
		};
		B473B7E224DBF70300A19BC4 /* LaunchScreen.storyboard */ = {
			isa = PBXVariantGroup;
			children = (
				B473B7E324DBF70300A19BC4 /* Base */,
			);
			name = LaunchScreen.storyboard;
			sourceTree = "<group>";
		};
/* End PBXVariantGroup section */

/* Begin XCBuildConfiguration section */
		B473B7E624DBF70300A19BC4 /* Debug */ = {
			isa = XCBuildConfiguration;
			buildSettings = {
				ALWAYS_SEARCH_USER_PATHS = NO;
				CLANG_ANALYZER_NONNULL = YES;
				CLANG_ANALYZER_NUMBER_OBJECT_CONVERSION = YES_AGGRESSIVE;
				CLANG_CXX_LANGUAGE_STANDARD = "gnu++14";
				CLANG_CXX_LIBRARY = "libc++";
				CLANG_ENABLE_MODULES = YES;
				CLANG_ENABLE_OBJC_ARC = YES;
				CLANG_ENABLE_OBJC_WEAK = YES;
				CLANG_WARN_BLOCK_CAPTURE_AUTORELEASING = YES;
				CLANG_WARN_BOOL_CONVERSION = YES;
				CLANG_WARN_COMMA = YES;
				CLANG_WARN_CONSTANT_CONVERSION = YES;
				CLANG_WARN_DEPRECATED_OBJC_IMPLEMENTATIONS = YES;
				CLANG_WARN_DIRECT_OBJC_ISA_USAGE = YES_ERROR;
				CLANG_WARN_DOCUMENTATION_COMMENTS = YES;
				CLANG_WARN_EMPTY_BODY = YES;
				CLANG_WARN_ENUM_CONVERSION = YES;
				CLANG_WARN_INFINITE_RECURSION = YES;
				CLANG_WARN_INT_CONVERSION = YES;
				CLANG_WARN_NON_LITERAL_NULL_CONVERSION = YES;
				CLANG_WARN_OBJC_IMPLICIT_RETAIN_SELF = YES;
				CLANG_WARN_OBJC_LITERAL_CONVERSION = YES;
				CLANG_WARN_OBJC_ROOT_CLASS = YES_ERROR;
				CLANG_WARN_RANGE_LOOP_ANALYSIS = YES;
				CLANG_WARN_STRICT_PROTOTYPES = YES;
				CLANG_WARN_SUSPICIOUS_MOVE = YES;
				CLANG_WARN_UNGUARDED_AVAILABILITY = YES_AGGRESSIVE;
				CLANG_WARN_UNREACHABLE_CODE = YES;
				CLANG_WARN__DUPLICATE_METHOD_MATCH = YES;
				COPY_PHASE_STRIP = NO;
				DEBUG_INFORMATION_FORMAT = dwarf;
				ENABLE_STRICT_OBJC_MSGSEND = YES;
				ENABLE_TESTABILITY = YES;
				GCC_C_LANGUAGE_STANDARD = gnu11;
				GCC_DYNAMIC_NO_PIC = NO;
				GCC_NO_COMMON_BLOCKS = YES;
				GCC_OPTIMIZATION_LEVEL = 0;
				GCC_PREPROCESSOR_DEFINITIONS = (
					"DEBUG=1",
					"$(inherited)",
				);
				GCC_WARN_64_TO_32_BIT_CONVERSION = YES;
				GCC_WARN_ABOUT_RETURN_TYPE = YES_ERROR;
				GCC_WARN_UNDECLARED_SELECTOR = YES;
				GCC_WARN_UNINITIALIZED_AUTOS = YES_AGGRESSIVE;
				GCC_WARN_UNUSED_FUNCTION = YES;
				GCC_WARN_UNUSED_VARIABLE = YES;
				IPHONEOS_DEPLOYMENT_TARGET = 13.6;
				MTL_ENABLE_DEBUG_INFO = INCLUDE_SOURCE;
				MTL_FAST_MATH = YES;
				ONLY_ACTIVE_ARCH = YES;
				SDKROOT = iphoneos;
				SWIFT_ACTIVE_COMPILATION_CONDITIONS = DEBUG;
				SWIFT_OPTIMIZATION_LEVEL = "-Onone";
			};
			name = Debug;
		};
		B473B7E724DBF70300A19BC4 /* Release */ = {
			isa = XCBuildConfiguration;
			buildSettings = {
				ALWAYS_SEARCH_USER_PATHS = NO;
				CLANG_ANALYZER_NONNULL = YES;
				CLANG_ANALYZER_NUMBER_OBJECT_CONVERSION = YES_AGGRESSIVE;
				CLANG_CXX_LANGUAGE_STANDARD = "gnu++14";
				CLANG_CXX_LIBRARY = "libc++";
				CLANG_ENABLE_MODULES = YES;
				CLANG_ENABLE_OBJC_ARC = YES;
				CLANG_ENABLE_OBJC_WEAK = YES;
				CLANG_WARN_BLOCK_CAPTURE_AUTORELEASING = YES;
				CLANG_WARN_BOOL_CONVERSION = YES;
				CLANG_WARN_COMMA = YES;
				CLANG_WARN_CONSTANT_CONVERSION = YES;
				CLANG_WARN_DEPRECATED_OBJC_IMPLEMENTATIONS = YES;
				CLANG_WARN_DIRECT_OBJC_ISA_USAGE = YES_ERROR;
				CLANG_WARN_DOCUMENTATION_COMMENTS = YES;
				CLANG_WARN_EMPTY_BODY = YES;
				CLANG_WARN_ENUM_CONVERSION = YES;
				CLANG_WARN_INFINITE_RECURSION = YES;
				CLANG_WARN_INT_CONVERSION = YES;
				CLANG_WARN_NON_LITERAL_NULL_CONVERSION = YES;
				CLANG_WARN_OBJC_IMPLICIT_RETAIN_SELF = YES;
				CLANG_WARN_OBJC_LITERAL_CONVERSION = YES;
				CLANG_WARN_OBJC_ROOT_CLASS = YES_ERROR;
				CLANG_WARN_RANGE_LOOP_ANALYSIS = YES;
				CLANG_WARN_STRICT_PROTOTYPES = YES;
				CLANG_WARN_SUSPICIOUS_MOVE = YES;
				CLANG_WARN_UNGUARDED_AVAILABILITY = YES_AGGRESSIVE;
				CLANG_WARN_UNREACHABLE_CODE = YES;
				CLANG_WARN__DUPLICATE_METHOD_MATCH = YES;
				COPY_PHASE_STRIP = NO;
				DEBUG_INFORMATION_FORMAT = "dwarf-with-dsym";
				ENABLE_NS_ASSERTIONS = NO;
				ENABLE_STRICT_OBJC_MSGSEND = YES;
				GCC_C_LANGUAGE_STANDARD = gnu11;
				GCC_NO_COMMON_BLOCKS = YES;
				GCC_WARN_64_TO_32_BIT_CONVERSION = YES;
				GCC_WARN_ABOUT_RETURN_TYPE = YES_ERROR;
				GCC_WARN_UNDECLARED_SELECTOR = YES;
				GCC_WARN_UNINITIALIZED_AUTOS = YES_AGGRESSIVE;
				GCC_WARN_UNUSED_FUNCTION = YES;
				GCC_WARN_UNUSED_VARIABLE = YES;
				IPHONEOS_DEPLOYMENT_TARGET = 13.6;
				MTL_ENABLE_DEBUG_INFO = NO;
				MTL_FAST_MATH = YES;
				SDKROOT = iphoneos;
				SWIFT_COMPILATION_MODE = wholemodule;
				SWIFT_OPTIMIZATION_LEVEL = "-O";
				VALIDATE_PRODUCT = YES;
			};
			name = Release;
		};
		B473B7E924DBF70300A19BC4 /* Debug */ = {
			isa = XCBuildConfiguration;
			baseConfigurationReference = FB517F20F1A392D082759CF5 /* Pods-CountApp.debug.xcconfig */;
			buildSettings = {
				ASSETCATALOG_COMPILER_APPICON_NAME = AppIcon;
				CODE_SIGN_STYLE = Automatic;
				DEVELOPMENT_TEAM = F4M448V7PP;
				INFOPLIST_FILE = CountApp/Info.plist;
				LD_RUNPATH_SEARCH_PATHS = (
					"$(inherited)",
					"@executable_path/Frameworks",
				);
				PRODUCT_BUNDLE_IDENTIFIER = DEAUX.CountApp;
				PRODUCT_NAME = "$(TARGET_NAME)";
				SWIFT_VERSION = 5.0;
				TARGETED_DEVICE_FAMILY = "1,2";
			};
			name = Debug;
		};
		B473B7EA24DBF70300A19BC4 /* Release */ = {
			isa = XCBuildConfiguration;
			baseConfigurationReference = ABB5E0A45AB734E3D2A34ECC /* Pods-CountApp.release.xcconfig */;
			buildSettings = {
				ASSETCATALOG_COMPILER_APPICON_NAME = AppIcon;
				CODE_SIGN_STYLE = Automatic;
				DEVELOPMENT_TEAM = F4M448V7PP;
				INFOPLIST_FILE = CountApp/Info.plist;
				LD_RUNPATH_SEARCH_PATHS = (
					"$(inherited)",
					"@executable_path/Frameworks",
				);
				PRODUCT_BUNDLE_IDENTIFIER = DEAUX.CountApp;
				PRODUCT_NAME = "$(TARGET_NAME)";
				SWIFT_VERSION = 5.0;
				TARGETED_DEVICE_FAMILY = "1,2";
			};
			name = Release;
		};
/* End XCBuildConfiguration section */

/* Begin XCConfigurationList section */
		B473B7CF24DBF70200A19BC4 /* Build configuration list for PBXProject "CountApp" */ = {
			isa = XCConfigurationList;
			buildConfigurations = (
				B473B7E624DBF70300A19BC4 /* Debug */,
				B473B7E724DBF70300A19BC4 /* Release */,
			);
			defaultConfigurationIsVisible = 0;
			defaultConfigurationName = Release;
		};
		B473B7E824DBF70300A19BC4 /* Build configuration list for PBXNativeTarget "CountApp" */ = {
			isa = XCConfigurationList;
			buildConfigurations = (
				B473B7E924DBF70300A19BC4 /* Debug */,
				B473B7EA24DBF70300A19BC4 /* Release */,
			);
			defaultConfigurationIsVisible = 0;
			defaultConfigurationName = Release;
		};
/* End XCConfigurationList section */
	};
	rootObject = B473B7CC24DBF70200A19BC4 /* Project object */;
}
